PODS:
  - device_info_plus (0.0.1):
    - Flutter
  - Flutter (1.0.0)
  - flutter_new_badger (0.0.1):
    - Flutter
  - pretty_animated_text (0.0.1):
    - Flutter
  - printing (1.0.0):
    - Flutter

DEPENDENCIES:
  - device_info_plus (from `.symlinks/plugins/device_info_plus/ios`)
  - Flutter (from `Flutter`)
  - flutter_new_badger (from `.symlinks/plugins/flutter_new_badger/ios`)
  - pretty_animated_text (from `.symlinks/plugins/pretty_animated_text/ios`)
  - printing (from `.symlinks/plugins/printing/ios`)

EXTERNAL SOURCES:
  device_info_plus:
    :path: ".symlinks/plugins/device_info_plus/ios"
  Flutter:
    :path: Flutter
  flutter_new_badger:
    :path: ".symlinks/plugins/flutter_new_badger/ios"
  pretty_animated_text:
    :path: ".symlinks/plugins/pretty_animated_text/ios"
  printing:
    :path: ".symlinks/plugins/printing/ios"

SPEC CHECKSUMS:
  device_info_plus: 97af1d7e84681a90d0693e63169a5d50e0839a0d
  Flutter: cabc95a1d2626b1b06e7179b784ebcf0c0cde467
  flutter_new_badger: e632df3f84b5bbd7f3b37b8122f105edf1b483b3
  pretty_animated_text: c6a3cbc54f52aeb3155d5f901b3efc8a9c7507b5
  printing: 233e1b73bd1f4a05615548e9b5a324c98588640b

PODFILE CHECKSUM: 53a6aebc29ccee84c41f92f409fc20cd4ca011f1

COCOAPODS: 1.16.2
